
Microsoft Visual Studio Solution File, Format Version 12.00
# Visual Studio Version 17
VisualStudioVersion = 17.14.36408.4
MinimumVisualStudioVersion = 10.0.40219.1
Project("{2150E333-8FDC-42A3-9474-1A3956D46DE8}") = "Task0", "Task0", "{02EA681E-C7D8-13C7-8484-4AC65E1B71E8}"
EndProject
Project("{FAE04EC0-301F-11D3-BF4B-00C04F79EFBC}") = "Tyuiu.MorukhinRM.Sprint0.Task0", "Tyuiu.MorukhinRM.Sprint0.Task0\Tyuiu.MorukhinRM.Sprint0.Task0.csproj", "{AAC37AE2-22E4-4EC4-983F-BC2F0C6ADCC0}"
EndProject
Project("{2150E333-8FDC-42A3-9474-1A3956D46DE8}") = "Task1", "Task1", "{9C75661B-175D-4AB4-80FE-5FD685913751}"
EndProject
Project("{FAE04EC0-301F-11D3-BF4B-00C04F79EFBC}") = "Tyuiu.MoruhinRM.Sprint0.Task1.V0", "Tyuiu.MoruhinRM.Sprint0.Task1.V0\Tyuiu.MoruhinRM.Sprint0.Task1.V0.csproj", "{3488710C-8C67-40A6-82B2-724B4E11D9DF}"
EndProject
Project("{2150E333-8FDC-42A3-9474-1A3956D46DE8}") = "Task2", "Task2", "{FFE06218-2266-4D62-AED5-A875E9E44CE7}"
EndProject
Project("{FAE04EC0-301F-11D3-BF4B-00C04F79EFBC}") = "Tyuiu.MorukhinRM.Sprint0.Task2.V0", "Tyuiu.MorukhinRM.Sprint0.Task2.V0\Tyuiu.MorukhinRM.Sprint0.Task2.V0.csproj", "{3DAA4778-005E-4D87-99B6-565A49D479EA}"
EndProject
Project("{FAE04EC0-301F-11D3-BF4B-00C04F79EFBC}") = "Tyuiu.MorukhinRM.Sprint0.Task2.V0.Lib", "Tyuiu.MorukhinRM.Sprint0.Task2.V0.Lib\Tyuiu.MorukhinRM.Sprint0.Task2.V0.Lib.csproj", "{CE4AA58B-8276-4FF8-9CC9-42A45D9A000E}"
EndProject
Project("{FAE04EC0-301F-11D3-BF4B-00C04F79EFBC}") = "Tyuiu.MorukhinRM.Sprint0.Task2.V0.Test", "Tyuiu.MorukhinRM.Sprint0.Task2.V0.Test\Tyuiu.MorukhinRM.Sprint0.Task2.V0.Test.csproj", "{2AF214BC-3718-47CB-9217-2BC282A318E1}"
EndProject
Project("{2150E333-8FDC-42A3-9474-1A3956D46DE8}") = "Task3", "Task3", "{0823C815-FFA3-480A-9996-F72CF6F2A937}"
EndProject
Project("{FAE04EC0-301F-11D3-BF4B-00C04F79EFBC}") = "Tyuiu.MorukhinRM.Sprint0.Task3.V0", "Tyuiu.MorukhinRM.Sprint0.Task3.V0\Tyuiu.MorukhinRM.Sprint0.Task3.V0.csproj", "{C75A5534-90BF-4323-A119-C3EF1A13AA07}"
EndProject
Project("{FAE04EC0-301F-11D3-BF4B-00C04F79EFBC}") = "Tyuiu.MorukhinRM.Sprint0.Task3.V0.Lib", "Tyuiu.MorukhinRM.Sprint0.Task3.V0.Lib\Tyuiu.MorukhinRM.Sprint0.Task3.V0.Lib.csproj", "{0862ED6D-F517-47D0-B46E-580F0E54D34B}"
EndProject
Project("{FAE04EC0-301F-11D3-BF4B-00C04F79EFBC}") = "Tyuiu.MorukhinRM.Sprint0.Task3.V0.Test", "Tyuiu.MorukhinRM.Sprint0.Task3.V0.Test\Tyuiu.MorukhinRM.Sprint0.Task3.V0.Test.csproj", "{85BF1BAE-43BB-422A-AB59-C5F8F5AA86C8}"
EndProject
Project("{2150E333-8FDC-42A3-9474-1A3956D46DE8}") = "Task4", "Task4", "{A06D6DF7-C170-44FE-984E-8398ABCD5F0F}"
EndProject
Project("{FAE04EC0-301F-11D3-BF4B-00C04F79EFBC}") = "Tyuiu.MorukhinRM.Sprint0.Task4.V0", "ConsoleApp1\Tyuiu.MorukhinRM.Sprint0.Task4.V0.csproj", "{790FE78D-E14A-4FE5-B3AD-8DE8A4574FAC}"
EndProject
Project("{FAE04EC0-301F-11D3-BF4B-00C04F79EFBC}") = "Tyuiu.MorukhinRM.Sprint0.Task4.V0.Lib", "Tyuiu.MorukhinRM.Sprint0.Task4.V0.Lib\Tyuiu.MorukhinRM.Sprint0.Task4.V0.Lib.csproj", "{1115A7A5-A28C-4C54-861C-02732FD1EFF1}"
EndProject
Project("{FAE04EC0-301F-11D3-BF4B-00C04F79EFBC}") = "Tyuiu.MorukhinRM.Sprint0.Task4.V0.Test", "Tyuiu.MorukhinRM.Sprint0.Task4.V0.Test\Tyuiu.MorukhinRM.Sprint0.Task4.V0.Test.csproj", "{33639FE7-729E-4B24-AE1F-5CEF8CD97044}"
EndProject
Project("{2150E333-8FDC-42A3-9474-1A3956D46DE8}") = "Task5", "Task5", "{AAA69119-87D2-4A1F-A0AE-04E418369206}"
EndProject
Project("{FAE04EC0-301F-11D3-BF4B-00C04F79EFBC}") = "Tyuiu.MorukhinRM.Sprint0.Task5.V0.Lib", "Tyuiu.MorukhinRM.Sprint0.Task5.V0.Lib\Tyuiu.MorukhinRM.Sprint0.Task5.V0.Lib.csproj", "{3167D8FC-5CF7-4E81-BE08-96F8046446E8}"
EndProject
Project("{FAE04EC0-301F-11D3-BF4B-00C04F79EFBC}") = "Tyuiu.MorukhinRM.Sprint0.Task5.V0.Test", "Tyuiu.MorukhinRM.Sprint0.Task5.V0.Test\Tyuiu.MorukhinRM.Sprint0.Task5.V0.Test.csproj", "{70064990-BA14-4B48-A1D0-0A41590CD8C4}"
EndProject
Project("{FAE04EC0-301F-11D3-BF4B-00C04F79EFBC}") = "Tyuiu.MorukhinRM.Sprint0.Task5.V0", "Tyuiu.MorukhinRM.Sprint0.Task5.V0\Tyuiu.MorukhinRM.Sprint0.Task5.V0.csproj", "{8BE5090B-6613-4D4E-B927-DA288C8B582F}"
EndProject
Project("{2150E333-8FDC-42A3-9474-1A3956D46DE8}") = "Task6", "Task6", "{47DA5FF4-2D52-4247-9EFF-C2CBE788F2C6}"
EndProject
Project("{FAE04EC0-301F-11D3-BF4B-00C04F79EFBC}") = "Tyuiu.MorukhinRM.Sprint0.Task6.V0.Lib", "Tyuiu.MorukhinRM.Sprint0.Task6.V0.Lib\Tyuiu.MorukhinRM.Sprint0.Task6.V0.Lib.csproj", "{11FEB82A-AE7B-4C4F-A5CD-8078BBC77673}"
EndProject
Project("{FAE04EC0-301F-11D3-BF4B-00C04F79EFBC}") = "Tyuiu.MorukhinRM.Sprint0.Task6.V0.Test", "Tyuiu.MorukhinRM.Sprint0.Task6.V0.Test\Tyuiu.MorukhinRM.Sprint0.Task6.V0.Test.csproj", "{F2D6E6F7-1202-4774-908B-6EC8A0EB557B}"
EndProject
Project("{FAE04EC0-301F-11D3-BF4B-00C04F79EFBC}") = "Tyuiu.MorukhinRM.Sprint0.Task6.V0", "Tyuiu.MorukhinRM.Sprint0.Task6.V0\Tyuiu.MorukhinRM.Sprint0.Task6.V0.csproj", "{915D456D-291E-401E-8C99-896E1AD86779}"
EndProject
Global
	GlobalSection(SolutionConfigurationPlatforms) = preSolution
		Debug|Any CPU = Debug|Any CPU
		Release|Any CPU = Release|Any CPU
	EndGlobalSection
	GlobalSection(ProjectConfigurationPlatforms) = postSolution
		{AAC37AE2-22E4-4EC4-983F-BC2F0C6ADCC0}.Debug|Any CPU.ActiveCfg = Debug|Any CPU
		{AAC37AE2-22E4-4EC4-983F-BC2F0C6ADCC0}.Debug|Any CPU.Build.0 = Debug|Any CPU
		{AAC37AE2-22E4-4EC4-983F-BC2F0C6ADCC0}.Release|Any CPU.ActiveCfg = Release|Any CPU
		{AAC37AE2-22E4-4EC4-983F-BC2F0C6ADCC0}.Release|Any CPU.Build.0 = Release|Any CPU
		{3488710C-8C67-40A6-82B2-724B4E11D9DF}.Debug|Any CPU.ActiveCfg = Debug|Any CPU
		{3488710C-8C67-40A6-82B2-724B4E11D9DF}.Debug|Any CPU.Build.0 = Debug|Any CPU
		{3488710C-8C67-40A6-82B2-724B4E11D9DF}.Release|Any CPU.ActiveCfg = Release|Any CPU
		{3488710C-8C67-40A6-82B2-724B4E11D9DF}.Release|Any CPU.Build.0 = Release|Any CPU
		{3DAA4778-005E-4D87-99B6-565A49D479EA}.Debug|Any CPU.ActiveCfg = Debug|Any CPU
		{3DAA4778-005E-4D87-99B6-565A49D479EA}.Debug|Any CPU.Build.0 = Debug|Any CPU
		{3DAA4778-005E-4D87-99B6-565A49D479EA}.Release|Any CPU.ActiveCfg = Release|Any CPU
		{3DAA4778-005E-4D87-99B6-565A49D479EA}.Release|Any CPU.Build.0 = Release|Any CPU
		{CE4AA58B-8276-4FF8-9CC9-42A45D9A000E}.Debug|Any CPU.ActiveCfg = Debug|Any CPU
		{CE4AA58B-8276-4FF8-9CC9-42A45D9A000E}.Debug|Any CPU.Build.0 = Debug|Any CPU
		{CE4AA58B-8276-4FF8-9CC9-42A45D9A000E}.Release|Any CPU.ActiveCfg = Release|Any CPU
		{CE4AA58B-8276-4FF8-9CC9-42A45D9A000E}.Release|Any CPU.Build.0 = Release|Any CPU
		{2AF214BC-3718-47CB-9217-2BC282A318E1}.Debug|Any CPU.ActiveCfg = Debug|Any CPU
		{2AF214BC-3718-47CB-9217-2BC282A318E1}.Debug|Any CPU.Build.0 = Debug|Any CPU
		{2AF214BC-3718-47CB-9217-2BC282A318E1}.Release|Any CPU.ActiveCfg = Release|Any CPU
		{2AF214BC-3718-47CB-9217-2BC282A318E1}.Release|Any CPU.Build.0 = Release|Any CPU
		{C75A5534-90BF-4323-A119-C3EF1A13AA07}.Debug|Any CPU.ActiveCfg = Debug|Any CPU
		{C75A5534-90BF-4323-A119-C3EF1A13AA07}.Debug|Any CPU.Build.0 = Debug|Any CPU
		{C75A5534-90BF-4323-A119-C3EF1A13AA07}.Release|Any CPU.ActiveCfg = Release|Any CPU
		{C75A5534-90BF-4323-A119-C3EF1A13AA07}.Release|Any CPU.Build.0 = Release|Any CPU
		{0862ED6D-F517-47D0-B46E-580F0E54D34B}.Debug|Any CPU.ActiveCfg = Debug|Any CPU
		{0862ED6D-F517-47D0-B46E-580F0E54D34B}.Debug|Any CPU.Build.0 = Debug|Any CPU
		{0862ED6D-F517-47D0-B46E-580F0E54D34B}.Release|Any CPU.ActiveCfg = Release|Any CPU
		{0862ED6D-F517-47D0-B46E-580F0E54D34B}.Release|Any CPU.Build.0 = Release|Any CPU
		{85BF1BAE-43BB-422A-AB59-C5F8F5AA86C8}.Debug|Any CPU.ActiveCfg = Debug|Any CPU
		{85BF1BAE-43BB-422A-AB59-C5F8F5AA86C8}.Debug|Any CPU.Build.0 = Debug|Any CPU
		{85BF1BAE-43BB-422A-AB59-C5F8F5AA86C8}.Release|Any CPU.ActiveCfg = Release|Any CPU
		{85BF1BAE-43BB-422A-AB59-C5F8F5AA86C8}.Release|Any CPU.Build.0 = Release|Any CPU
		{790FE78D-E14A-4FE5-B3AD-8DE8A4574FAC}.Debug|Any CPU.ActiveCfg = Debug|Any CPU
		{790FE78D-E14A-4FE5-B3AD-8DE8A4574FAC}.Debug|Any CPU.Build.0 = Debug|Any CPU
		{790FE78D-E14A-4FE5-B3AD-8DE8A4574FAC}.Release|Any CPU.ActiveCfg = Release|Any CPU
		{790FE78D-E14A-4FE5-B3AD-8DE8A4574FAC}.Release|Any CPU.Build.0 = Release|Any CPU
		{1115A7A5-A28C-4C54-861C-02732FD1EFF1}.Debug|Any CPU.ActiveCfg = Debug|Any CPU
		{1115A7A5-A28C-4C54-861C-02732FD1EFF1}.Debug|Any CPU.Build.0 = Debug|Any CPU
		{1115A7A5-A28C-4C54-861C-02732FD1EFF1}.Release|Any CPU.ActiveCfg = Release|Any CPU
		{1115A7A5-A28C-4C54-861C-02732FD1EFF1}.Release|Any CPU.Build.0 = Release|Any CPU
		{33639FE7-729E-4B24-AE1F-5CEF8CD97044}.Debug|Any CPU.ActiveCfg = Debug|Any CPU
		{33639FE7-729E-4B24-AE1F-5CEF8CD97044}.Debug|Any CPU.Build.0 = Debug|Any CPU
		{33639FE7-729E-4B24-AE1F-5CEF8CD97044}.Release|Any CPU.ActiveCfg = Release|Any CPU
		{33639FE7-729E-4B24-AE1F-5CEF8CD97044}.Release|Any CPU.Build.0 = Release|Any CPU
		{3167D8FC-5CF7-4E81-BE08-96F8046446E8}.Debug|Any CPU.ActiveCfg = Debug|Any CPU
		{3167D8FC-5CF7-4E81-BE08-96F8046446E8}.Debug|Any CPU.Build.0 = Debug|Any CPU
		{3167D8FC-5CF7-4E81-BE08-96F8046446E8}.Release|Any CPU.ActiveCfg = Release|Any CPU
		{3167D8FC-5CF7-4E81-BE08-96F8046446E8}.Release|Any CPU.Build.0 = Release|Any CPU
		{70064990-BA14-4B48-A1D0-0A41590CD8C4}.Debug|Any CPU.ActiveCfg = Debug|Any CPU
		{70064990-BA14-4B48-A1D0-0A41590CD8C4}.Debug|Any CPU.Build.0 = Debug|Any CPU
		{70064990-BA14-4B48-A1D0-0A41590CD8C4}.Release|Any CPU.ActiveCfg = Release|Any CPU
		{70064990-BA14-4B48-A1D0-0A41590CD8C4}.Release|Any CPU.Build.0 = Release|Any CPU
		{8BE5090B-6613-4D4E-B927-DA288C8B582F}.Debug|Any CPU.ActiveCfg = Debug|Any CPU
		{8BE5090B-6613-4D4E-B927-DA288C8B582F}.Debug|Any CPU.Build.0 = Debug|Any CPU
		{8BE5090B-6613-4D4E-B927-DA288C8B582F}.Release|Any CPU.ActiveCfg = Release|Any CPU
		{8BE5090B-6613-4D4E-B927-DA288C8B582F}.Release|Any CPU.Build.0 = Release|Any CPU
		{11FEB82A-AE7B-4C4F-A5CD-8078BBC77673}.Debug|Any CPU.ActiveCfg = Debug|Any CPU
		{11FEB82A-AE7B-4C4F-A5CD-8078BBC77673}.Debug|Any CPU.Build.0 = Debug|Any CPU
		{11FEB82A-AE7B-4C4F-A5CD-8078BBC77673}.Release|Any CPU.ActiveCfg = Release|Any CPU
		{11FEB82A-AE7B-4C4F-A5CD-8078BBC77673}.Release|Any CPU.Build.0 = Release|Any CPU
		{F2D6E6F7-1202-4774-908B-6EC8A0EB557B}.Debug|Any CPU.ActiveCfg = Debug|Any CPU
		{F2D6E6F7-1202-4774-908B-6EC8A0EB557B}.Debug|Any CPU.Build.0 = Debug|Any CPU
		{F2D6E6F7-1202-4774-908B-6EC8A0EB557B}.Release|Any CPU.ActiveCfg = Release|Any CPU
		{F2D6E6F7-1202-4774-908B-6EC8A0EB557B}.Release|Any CPU.Build.0 = Release|Any CPU
		{915D456D-291E-401E-8C99-896E1AD86779}.Debug|Any CPU.ActiveCfg = Debug|Any CPU
		{915D456D-291E-401E-8C99-896E1AD86779}.Debug|Any CPU.Build.0 = Debug|Any CPU
		{915D456D-291E-401E-8C99-896E1AD86779}.Release|Any CPU.ActiveCfg = Release|Any CPU
		{915D456D-291E-401E-8C99-896E1AD86779}.Release|Any CPU.Build.0 = Release|Any CPU
	EndGlobalSection
	GlobalSection(SolutionProperties) = preSolution
		HideSolutionNode = FALSE
	EndGlobalSection
	GlobalSection(NestedProjects) = preSolution
		{AAC37AE2-22E4-4EC4-983F-BC2F0C6ADCC0} = {02EA681E-C7D8-13C7-8484-4AC65E1B71E8}
		{3488710C-8C67-40A6-82B2-724B4E11D9DF} = {9C75661B-175D-4AB4-80FE-5FD685913751}
		{3DAA4778-005E-4D87-99B6-565A49D479EA} = {FFE06218-2266-4D62-AED5-A875E9E44CE7}
		{CE4AA58B-8276-4FF8-9CC9-42A45D9A000E} = {FFE06218-2266-4D62-AED5-A875E9E44CE7}
		{2AF214BC-3718-47CB-9217-2BC282A318E1} = {FFE06218-2266-4D62-AED5-A875E9E44CE7}
		{C75A5534-90BF-4323-A119-C3EF1A13AA07} = {0823C815-FFA3-480A-9996-F72CF6F2A937}
		{0862ED6D-F517-47D0-B46E-580F0E54D34B} = {0823C815-FFA3-480A-9996-F72CF6F2A937}
		{85BF1BAE-43BB-422A-AB59-C5F8F5AA86C8} = {0823C815-FFA3-480A-9996-F72CF6F2A937}
		{790FE78D-E14A-4FE5-B3AD-8DE8A4574FAC} = {A06D6DF7-C170-44FE-984E-8398ABCD5F0F}
		{1115A7A5-A28C-4C54-861C-02732FD1EFF1} = {A06D6DF7-C170-44FE-984E-8398ABCD5F0F}
		{33639FE7-729E-4B24-AE1F-5CEF8CD97044} = {A06D6DF7-C170-44FE-984E-8398ABCD5F0F}
		{3167D8FC-5CF7-4E81-BE08-96F8046446E8} = {AAA69119-87D2-4A1F-A0AE-04E418369206}
		{70064990-BA14-4B48-A1D0-0A41590CD8C4} = {AAA69119-87D2-4A1F-A0AE-04E418369206}
		{8BE5090B-6613-4D4E-B927-DA288C8B582F} = {AAA69119-87D2-4A1F-A0AE-04E418369206}
		{11FEB82A-AE7B-4C4F-A5CD-8078BBC77673} = {47DA5FF4-2D52-4247-9EFF-C2CBE788F2C6}
		{F2D6E6F7-1202-4774-908B-6EC8A0EB557B} = {47DA5FF4-2D52-4247-9EFF-C2CBE788F2C6}
		{915D456D-291E-401E-8C99-896E1AD86779} = {47DA5FF4-2D52-4247-9EFF-C2CBE788F2C6}
	EndGlobalSection
	GlobalSection(ExtensibilityGlobals) = postSolution
		SolutionGuid = {C1E034E5-CEFC-4987-B5A7-1234D9B5FA4B}
	EndGlobalSection
EndGlobal
